Microsoft Visual Studio Solution File, Format Version 12.00
# Visual Studio Version 17
VisualStudioVersion = 17.5.2.0
MinimumVisualStudioVersion = 10.0.40219.1
Project("{FAE04EC0-301F-11D3-BF4B-00C04F79EFBC}") = "CodeBlock.PlayerSample", "CodeBlock.PlayerSample \CodeBlock.PlayerSample.csproj", "{79A022F3-988D-9917-3E81-BFEAE73372CA}"
EndProject
Project("{2150E333-8FDC-42A3-9474-1A3956D46DE8}") = "CodeBlock.PlayerSample ", "CodeBlock.PlayerSample ", "{50EAAE62-0B32-6FC4-DF85-EC4185DB80E9}"
EndProject
Project("{2150E333-8FDC-42A3-9474-1A3956D46DE8}") = "obj", "obj", "{BA5C51FF-B76D-CC38-86A5-906F599FF56E}"
EndProject
Project("{2150E333-8FDC-42A3-9474-1A3956D46DE8}") = "Debug", "Debug", "{0526F954-F225-C6E0-382F-C9B9FDCBC5B5}"
EndProject
Project("{2150E333-8FDC-42A3-9474-1A3956D46DE8}") = "net9.0", "net9.0", "{6EEAB462-B983-BFB7-DC9F-AB979BCE2EE9}"
EndProject
Project("{FAE04EC0-301F-11D3-BF4B-00C04F79EFBC}") = "WorkerExtensions", "CodeBlock.PlayerSample \obj\Debug\net9.0\WorkerExtensions\WorkerExtensions.csproj", "{C0FC81FC-6E94-06AD-9B27-622F14A50FD3}"
EndProject
Global
	GlobalSection(SolutionConfigurationPlatforms) = preSolution
		Debug|Any CPU = Debug|Any CPU
		Release|Any CPU = Release|Any CPU
	EndGlobalSection
	GlobalSection(ProjectConfigurationPlatforms) = postSolution
		{79A022F3-988D-9917-3E81-BFEAE73372CA}.Debug|Any CPU.ActiveCfg = Debug|Any CPU
		{79A022F3-988D-9917-3E81-BFEAE73372CA}.Debug|Any CPU.Build.0 = Debug|Any CPU
		{79A022F3-988D-9917-3E81-BFEAE73372CA}.Release|Any CPU.ActiveCfg = Release|Any CPU
		{79A022F3-988D-9917-3E81-BFEAE73372CA}.Release|Any CPU.Build.0 = Release|Any CPU
		{C0FC81FC-6E94-06AD-9B27-622F14A50FD3}.Debug|Any CPU.ActiveCfg = Debug|Any CPU
		{C0FC81FC-6E94-06AD-9B27-622F14A50FD3}.Debug|Any CPU.Build.0 = Debug|Any CPU
		{C0FC81FC-6E94-06AD-9B27-622F14A50FD3}.Release|Any CPU.ActiveCfg = Release|Any CPU
		{C0FC81FC-6E94-06AD-9B27-622F14A50FD3}.Release|Any CPU.Build.0 = Release|Any CPU
	EndGlobalSection
	GlobalSection(SolutionProperties) = preSolution
		HideSolutionNode = FALSE
	EndGlobalSection
	GlobalSection(NestedProjects) = preSolution
		{BA5C51FF-B76D-CC38-86A5-906F599FF56E} = {50EAAE62-0B32-6FC4-DF85-EC4185DB80E9}
		{0526F954-F225-C6E0-382F-C9B9FDCBC5B5} = {BA5C51FF-B76D-CC38-86A5-906F599FF56E}
		{6EEAB462-B983-BFB7-DC9F-AB979BCE2EE9} = {0526F954-F225-C6E0-382F-C9B9FDCBC5B5}
		{C0FC81FC-6E94-06AD-9B27-622F14A50FD3} = {6EEAB462-B983-BFB7-DC9F-AB979BCE2EE9}
	EndGlobalSection
	GlobalSection(ExtensibilityGlobals) = postSolution
		SolutionGuid = {570E52F0-EC23-4E75-8D4F-CF1809CE4AF6}
	EndGlobalSection
EndGlobal
